
Microsoft Visual Studio Solution File, Format Version 12.00
# Visual Studio 15
VisualStudioVersion = 15.0.28010.2026
MinimumVisualStudioVersion = 10.0.40219.1
Project("{FAE04EC0-301F-11D3-BF4B-00C04F79EFBC}") = "Bot Builder Echo Bot1", "Bot Builder Echo Bot1\Bot Builder Echo Bot1.csproj", "{06EFF0CB-76FF-4FD5-B84A-59C6BC1D6F4D}"
EndProject
Global
	GlobalSection(SolutionConfigurationPlatforms) = preSolution
		Debug|Any CPU = Debug|Any CPU
		Release|Any CPU = Release|Any CPU
	EndGlobalSection
	GlobalSection(ProjectConfigurationPlatforms) = postSolution
		{06EFF0CB-76FF-4FD5-B84A-59C6BC1D6F4D}.Debug|Any CPU.ActiveCfg = Debug|Any CPU
		{06EFF0CB-76FF-4FD5-B84A-59C6BC1D6F4D}.Debug|Any CPU.Build.0 = Debug|Any CPU
		{06EFF0CB-76FF-4FD5-B84A-59C6BC1D6F4D}.Release|Any CPU.ActiveCfg = Release|Any CPU
		{06EFF0CB-76FF-4FD5-B84A-59C6BC1D6F4D}.Release|Any CPU.Build.0 = Release|Any CPU
	EndGlobalSection
	GlobalSection(SolutionProperties) = preSolution
		HideSolutionNode = FALSE
	EndGlobalSection
	GlobalSection(ExtensibilityGlobals) = postSolution
		SolutionGuid = {EEA460F0-93A7-4C10-87F0-B60CFAD9AB0E}
	EndGlobalSection
EndGlobal
